lockfileVersion: '9.0'

settings:
  autoInstallPeers: true
  excludeLinksFromLockfile: false

importers:

  .:
    dependencies:
      '@telegram-auth/react':
        specifier: ^1.0.4
        version: 1.0.4(react@19.0.0)

packages:

  '@telegram-auth/react@1.0.4':
    resolution: {integrity: sha512-VPCIrA6h5+w69S1QvB/k2PphmAA9E8BSqEX4WMSE1P7KxexKl/VRdoTRKSsSx1/In94S+R7FufbjLrRMnEGEKg==}
    peerDependencies:
      react: '>=18'

  react@19.0.0:
    resolution: {integrity: sha512-V8AVnmPIICiWpGfm6GLzCR/W5FXLchHop40W4nXBmdlEceh16rCN8O8LNWm5bh5XUX91fh7KpA+W0TgMKmgTpQ==}
    engines: {node: '>=0.10.0'}

snapshots:

  '@telegram-auth/react@1.0.4(react@19.0.0)':
    dependencies:
      react: 19.0.0

  react@19.0.0: {}
